
Microsoft Visual Studio Solution File, Format Version 12.00
# Visual Studio Version 17
VisualStudioVersion = 17.11.35222.181
MinimumVisualStudioVersion = 10.0.40219.1
Project("{FAE04EC0-301F-11D3-BF4B-00C04F79EFBC}") = "B1", "B1\B1.csproj", "{F506AC24-96EF-40F5-88D4-D64D43AD3529}"
EndProject
Global
	GlobalSection(SolutionConfigurationPlatforms) = preSolution
		Debug|Any CPU = Debug|Any CPU
		Release|Any CPU = Release|Any CPU
	EndGlobalSection
	GlobalSection(ProjectConfigurationPlatforms) = postSolution
		{F506AC24-96EF-40F5-88D4-D64D43AD3529}.Debug|Any CPU.ActiveCfg = Debug|Any CPU
		{F506AC24-96EF-40F5-88D4-D64D43AD3529}.Debug|Any CPU.Build.0 = Debug|Any CPU
		{F506AC24-96EF-40F5-88D4-D64D43AD3529}.Release|Any CPU.ActiveCfg = Release|Any CPU
		{F506AC24-96EF-40F5-88D4-D64D43AD3529}.Release|Any CPU.Build.0 = Release|Any CPU
	EndGlobalSection
	GlobalSection(SolutionProperties) = preSolution
		HideSolutionNode = FALSE
	EndGlobalSection
	GlobalSection(ExtensibilityGlobals) = postSolution
		SolutionGuid = {5C4D5DAC-47A6-4E4D-9FD2-531B46170812}
	EndGlobalSection
EndGlobal
